
Microsoft Visual Studio Solution File, Format Version 12.00
# Visual Studio Version 16
VisualStudioVersion = 16.0.29503.13
MinimumVisualStudioVersion = 10.0.40219.1
Project("{FAE04EC0-301F-11D3-BF4B-00C04F79EFBC}") = "HomeWork11", "HomeWork11\HomeWork11.csproj", "{50BF2334-5635-4789-A994-A9AB7DD965A4}"
EndProject
Global
	GlobalSection(SolutionConfigurationPlatforms) = preSolution
		Debug|Any CPU = Debug|Any CPU
		Release|Any CPU = Release|Any CPU
	EndGlobalSection
	GlobalSection(ProjectConfigurationPlatforms) = postSolution
		{50BF2334-5635-4789-A994-A9AB7DD965A4}.Debug|Any CPU.ActiveCfg = Debug|Any CPU
		{50BF2334-5635-4789-A994-A9AB7DD965A4}.Debug|Any CPU.Build.0 = Debug|Any CPU
		{50BF2334-5635-4789-A994-A9AB7DD965A4}.Release|Any CPU.ActiveCfg = Release|Any CPU
		{50BF2334-5635-4789-A994-A9AB7DD965A4}.Release|Any CPU.Build.0 = Release|Any CPU
	EndGlobalSection
	GlobalSection(SolutionProperties) = preSolution
		HideSolutionNode = FALSE
	EndGlobalSection
	GlobalSection(ExtensibilityGlobals) = postSolution
		SolutionGuid = {169D3E31-1742-4CD1-9375-ED6CCF87AED8}
	EndGlobalSection
EndGlobal
